// !$*UTF8*$!
{
	archiveVersion = 1;
	classes = {
	};
	objectVersion = 77;
	objects = {

/* Begin PBXBuildFile section */
		86115E192DAD090B00FEAA17 /* SnapKit in Frameworks */ = {isa = PBXBuildFile; productRef = 86115E182DAD090B00FEAA17 /* SnapKit */; };
		86115E1C2DAD091300FEAA17 /* Then in Frameworks */ = {isa = PBXBuildFile; productRef = 86115E1B2DAD091300FEAA17 /* Then */; };
		86115E1F2DAD092300FEAA17 /* Alamofire in Frameworks */ = {isa = PBXBuildFile; productRef = 86115E1E2DAD092300FEAA17 /* Alamofire */; };
/* End PBXBuildFile section */

/* Begin PBXContainerItemProxy section */
		86CD04ED2DB783CA00F19CF8 /* PBXContainerItemProxy */ = {
			isa = PBXContainerItemProxy;
			containerPortal = 86115DF72DAD08DE00FEAA17 /* Project object */;
			proxyType = 1;
			remoteGlobalIDString = 86115DFE2DAD08DE00FEAA17;
			remoteInfo = LSJCurrencyCalculator;
		};
/* End PBXContainerItemProxy section */

/* Begin PBXFileReference section */
		86115DFF2DAD08DE00FEAA17 /* LSJCurrencyCalculator.app */ = {isa = PBXFileReference; explicitFileType = wrapper.application; includeInIndex = 0; path = LSJCurrencyCalculator.app; sourceTree = BUILT_PRODUCTS_DIR; };
		86CD04E92DB783CA00F19CF8 /* LSJCurrencyCalculatorTests.xctest */ = {isa = PBXFileReference; explicitFileType = wrapper.cfbundle; includeInIndex = 0; path = LSJCurrencyCalculatorTests.xctest; sourceTree = BUILT_PRODUCTS_DIR; };
/* End PBXFileReference section */

/* Begin PBXFileSystemSynchronizedBuildFileExceptionSet section */
		86115E112DAD08DF00FEAA17 /* Exceptions for "LSJCurrencyCalculator" folder in "LSJCurrencyCalculator" target */ = {
			isa = PBXFileSystemSynchronizedBuildFileExceptionSet;
			membershipExceptions = (
				Info.plist,
			);
			target = 86115DFE2DAD08DE00FEAA17 /* LSJCurrencyCalculator */;
		};
/* End PBXFileSystemSynchronizedBuildFileExceptionSet section */

/* Begin PBXFileSystemSynchronizedRootGroup section */
		86115E012DAD08DE00FEAA17 /* LSJCurrencyCalculator */ = {
			isa = PBXFileSystemSynchronizedRootGroup;
			exceptions = (
				86115E112DAD08DF00FEAA17 /* Exceptions for "LSJCurrencyCalculator" folder in "LSJCurrencyCalculator" target */,
			);
			path = LSJCurrencyCalculator;
			sourceTree = "<group>";
		};
		86CD04EA2DB783CA00F19CF8 /* LSJCurrencyCalculatorTests */ = {
			isa = PBXFileSystemSynchronizedRootGroup;
			path = LSJCurrencyCalculatorTests;
			sourceTree = "<group>";
		};
/* End PBXFileSystemSynchronizedRootGroup section */

/* Begin PBXFrameworksBuildPhase section */
		86115DFC2DAD08DE00FEAA17 /* Frameworks */ = {
			isa = PBXFrameworksBuildPhase;
			buildActionMask = 2147483647;
			files = (
				86115E1F2DAD092300FEAA17 /* Alamofire in Frameworks */,
				86115E192DAD090B00FEAA17 /* SnapKit in Frameworks */,
				86115E1C2DAD091300FEAA17 /* Then in Frameworks */,
			);
			runOnlyForDeploymentPostprocessing = 0;
		};
		86CD04E62DB783CA00F19CF8 /* Frameworks */ = {
			isa = PBXFrameworksBuildPhase;
			buildActionMask = 2147483647;
			files = (
			);
			runOnlyForDeploymentPostprocessing = 0;
		};
/* End PBXFrameworksBuildPhase section */

/* Begin PBXGroup section */
		86115DF62DAD08DE00FEAA17 = {
			isa = PBXGroup;
			children = (
				86115E012DAD08DE00FEAA17 /* LSJCurrencyCalculator */,
				86CD04EA2DB783CA00F19CF8 /* LSJCurrencyCalculatorTests */,
				86115E002DAD08DE00FEAA17 /* Products */,
			);
			sourceTree = "<group>";
		};
		86115E002DAD08DE00FEAA17 /* Products */ = {
			isa = PBXGroup;
			children = (
				86115DFF2DAD08DE00FEAA17 /* LSJCurrencyCalculator.app */,
				86CD04E92DB783CA00F19CF8 /* LSJCurrencyCalculatorTests.xctest */,
			);
			name = Products;
			sourceTree = "<group>";
		};
/* End PBXGroup section */

/* Begin PBXNativeTarget section */
		86115DFE2DAD08DE00FEAA17 /* LSJCurrencyCalculator */ = {
			isa = PBXNativeTarget;
			buildConfigurationList = 86115E122DAD08DF00FEAA17 /* Build configuration list for PBXNativeTarget "LSJCurrencyCalculator" */;
			buildPhases = (
				86115DFB2DAD08DE00FEAA17 /* Sources */,
				86115DFC2DAD08DE00FEAA17 /* Frameworks */,
				86115DFD2DAD08DE00FEAA17 /* Resources */,
			);
			buildRules = (
			);
			dependencies = (
			);
			fileSystemSynchronizedGroups = (
				86115E012DAD08DE00FEAA17 /* LSJCurrencyCalculator */,
			);
			name = LSJCurrencyCalculator;
			packageProductDependencies = (
				86115E182DAD090B00FEAA17 /* SnapKit */,
				86115E1B2DAD091300FEAA17 /* Then */,
				86115E1E2DAD092300FEAA17 /* Alamofire */,
			);
			productName = LSJCurrencyCalculator;
			productReference = 86115DFF2DAD08DE00FEAA17 /* LSJCurrencyCalculator.app */;
			productType = "com.apple.product-type.application";
		};
		86CD04E82DB783CA00F19CF8 /* LSJCurrencyCalculatorTests */ = {
			isa = PBXNativeTarget;
			buildConfigurationList = 86CD04F12DB783CA00F19CF8 /* Build configuration list for PBXNativeTarget "LSJCurrencyCalculatorTests" */;
			buildPhases = (
				86CD04E52DB783CA00F19CF8 /* Sources */,
				86CD04E62DB783CA00F19CF8 /* Frameworks */,
				86CD04E72DB783CA00F19CF8 /* Resources */,
			);
			buildRules = (
			);
			dependencies = (
				86CD04EE2DB783CA00F19CF8 /* PBXTargetDependency */,
			);
			fileSystemSynchronizedGroups = (
				86CD04EA2DB783CA00F19CF8 /* LSJCurrencyCalculatorTests */,
			);
			name = LSJCurrencyCalculatorTests;
			packageProductDependencies = (
			);
			productName = LSJCurrencyCalculatorTests;
			productReference = 86CD04E92DB783CA00F19CF8 /* LSJCurrencyCalculatorTests.xctest */;
			productType = "com.apple.product-type.bundle.unit-test";
		};
/* End PBXNativeTarget section */

/* Begin PBXProject section */
		86115DF72DAD08DE00FEAA17 /* Project object */ = {
			isa = PBXProject;
			attributes = {
				BuildIndependentTargetsInParallel = 1;
				LastSwiftUpdateCheck = 1630;
				LastUpgradeCheck = 1630;
				TargetAttributes = {
					86115DFE2DAD08DE00FEAA17 = {
						CreatedOnToolsVersion = 16.3;
					};
					86CD04E82DB783CA00F19CF8 = {
						CreatedOnToolsVersion = 16.3;
						TestTargetID = 86115DFE2DAD08DE00FEAA17;
					};
				};
			};
			buildConfigurationList = 86115DFA2DAD08DE00FEAA17 /* Build configuration list for PBXProject "LSJCurrencyCalculator" */;
			developmentRegion = en;
			hasScannedForEncodings = 0;
			knownRegions = (
				en,
				Base,
			);
			mainGroup = 86115DF62DAD08DE00FEAA17;
			minimizedProjectReferenceProxies = 1;
			packageReferences = (
				86115E172DAD090B00FEAA17 /* XCRemoteSwiftPackageReference "SnapKit" */,
				86115E1A2DAD091300FEAA17 /* XCRemoteSwiftPackageReference "Then" */,
				86115E1D2DAD092300FEAA17 /* XCRemoteSwiftPackageReference "Alamofire" */,
			);
			preferredProjectObjectVersion = 77;
			productRefGroup = 86115E002DAD08DE00FEAA17 /* Products */;
			projectDirPath = "";
			projectRoot = "";
			targets = (
				86115DFE2DAD08DE00FEAA17 /* LSJCurrencyCalculator */,
				86CD04E82DB783CA00F19CF8 /* LSJCurrencyCalculatorTests */,
			);
		};
/* End PBXProject section */

/* Begin PBXResourcesBuildPhase section */
		86115DFD2DAD08DE00FEAA17 /* Resources */ = {
			isa = PBXResourcesBuildPhase;
			buildActionMask = 2147483647;
			files = (
			);
			runOnlyForDeploymentPostprocessing = 0;
		};
		86CD04E72DB783CA00F19CF8 /* Resources */ = {
			isa = PBXResourcesBuildPhase;
			buildActionMask = 2147483647;
			files = (
			);
			runOnlyForDeploymentPostprocessing = 0;
		};
/* End PBXResourcesBuildPhase section */

/* Begin PBXSourcesBuildPhase section */
		86115DFB2DAD08DE00FEAA17 /* Sources */ = {
			isa = PBXSourcesBuildPhase;
			buildActionMask = 2147483647;
			files = (
			);
			runOnlyForDeploymentPostprocessing = 0;
		};
		86CD04E52DB783CA00F19CF8 /* Sources */ = {
			isa = PBXSourcesBuildPhase;
			buildActionMask = 2147483647;
			files = (
			);
			runOnlyForDeploymentPostprocessing = 0;
		};
/* End PBXSourcesBuildPhase section */

/* Begin PBXTargetDependency section */
		86CD04EE2DB783CA00F19CF8 /* PBXTargetDependency */ = {
			isa = PBXTargetDependency;
			target = 86115DFE2DAD08DE00FEAA17 /* LSJCurrencyCalculator */;
			targetProxy = 86CD04ED2DB783CA00F19CF8 /* PBXContainerItemProxy */;
		};
/* End PBXTargetDependency section */

/* Begin XCBuildConfiguration section */
		86115E132DAD08DF00FEAA17 /* Debug */ = {
			isa = XCBuildConfiguration;
			buildSettings = {
				ASSETCATALOG_COMPILER_APPICON_NAME = AppIcon;
				ASSETCATALOG_COMPILER_GLOBAL_ACCENT_COLOR_NAME = AccentColor;
				CODE_SIGN_STYLE = Automatic;
				CURRENT_PROJECT_VERSION = 1;
				DEVELOPMENT_TEAM = Y333NVBXPT;
				GENERATE_INFOPLIST_FILE = YES;
				INFOPLIST_FILE = LSJCurrencyCalculator/Info.plist;
				INFOPLIST_KEY_UIApplicationSupportsIndirectInputEvents = YES;
				INFOPLIST_KEY_UILaunchStoryboardName = LaunchScreen;
				INFOPLIST_KEY_UISupportedInterfaceOrientations_iPad = "UIInterfaceOrientationPortrait UIInterfaceOrientationPortraitUpsideDown UIInterfaceOrientationLandscapeLeft UIInterfaceOrientationLandscapeRight";
				INFOPLIST_KEY_UISupportedInterfaceOrientations_iPhone = "UIInterfaceOrientationPortrait UIInterfaceOrientationLandscapeLeft UIInterfaceOrientationLandscapeRight";
				LD_RUNPATH_SEARCH_PATHS = (
					"$(inherited)",
					"@executable_path/Frameworks",
				);
				MARKETING_VERSION = 1.0;
				PRODUCT_BUNDLE_IDENTIFIER = com.SeJunLee.LSJCurrencyCalculator;
				PRODUCT_NAME = "$(TARGET_NAME)";
				SWIFT_EMIT_LOC_STRINGS = YES;
				SWIFT_VERSION = 5.0;
				TARGETED_DEVICE_FAMILY = "1,2";
			};
			name = Debug;
		};
		86115E142DAD08DF00FEAA17 /* Release */ = {
			isa = XCBuildConfiguration;
			buildSettings = {
				ASSETCATALOG_COMPILER_APPICON_NAME = AppIcon;
				ASSETCATALOG_COMPILER_GLOBAL_ACCENT_COLOR_NAME = AccentColor;
				CODE_SIGN_STYLE = Automatic;
				CURRENT_PROJECT_VERSION = 1;
				DEVELOPMENT_TEAM = Y333NVBXPT;
				GENERATE_INFOPLIST_FILE = YES;
				INFOPLIST_FILE = LSJCurrencyCalculator/Info.plist;
				INFOPLIST_KEY_UIApplicationSupportsIndirectInputEvents = YES;
				INFOPLIST_KEY_UILaunchStoryboardName = LaunchScreen;
				INFOPLIST_KEY_UISupportedInterfaceOrientations_iPad = "UIInterfaceOrientationPortrait UIInterfaceOrientationPortraitUpsideDown UIInterfaceOrientationLandscapeLeft UIInterfaceOrientationLandscapeRight";
				INFOPLIST_KEY_UISupportedInterfaceOrientations_iPhone = "UIInterfaceOrientationPortrait UIInterfaceOrientationLandscapeLeft UIInterfaceOrientationLandscapeRight";
				LD_RUNPATH_SEARCH_PATHS = (
					"$(inherited)",
					"@executable_path/Frameworks",
				);
				MARKETING_VERSION = 1.0;
				PRODUCT_BUNDLE_IDENTIFIER = com.SeJunLee.LSJCurrencyCalculator;
				PRODUCT_NAME = "$(TARGET_NAME)";
				SWIFT_EMIT_LOC_STRINGS = YES;
				SWIFT_VERSION = 5.0;
				TARGETED_DEVICE_FAMILY = "1,2";
			};
			name = Release;
		};
		86115E152DAD08DF00FEAA17 /* Debug */ = {
			isa = XCBuildConfiguration;
			buildSettings = {
				ALWAYS_SEARCH_USER_PATHS = NO;
				ASSETCATALOG_COMPILER_GENERATE_SWIFT_ASSET_SYMBOL_EXTENSIONS = YES;
				CLANG_ANALYZER_NONNULL = YES;
				CLANG_ANALYZER_NUMBER_OBJECT_CONVERSION = YES_AGGRESSIVE;
				CLANG_CXX_LANGUAGE_STANDARD = "gnu++20";
				CLANG_ENABLE_MODULES = YES;
				CLANG_ENABLE_OBJC_ARC = YES;
				CLANG_ENABLE_OBJC_WEAK = YES;
				CLANG_WARN_BLOCK_CAPTURE_AUTORELEASING = YES;
				CLANG_WARN_BOOL_CONVERSION = YES;
				CLANG_WARN_COMMA = YES;
				CLANG_WARN_CONSTANT_CONVERSION = YES;
				CLANG_WARN_DEPRECATED_OBJC_IMPLEMENTATIONS = YES;
				CLANG_WARN_DIRECT_OBJC_ISA_USAGE = YES_ERROR;
				CLANG_WARN_DOCUMENTATION_COMMENTS = YES;
				CLANG_WARN_EMPTY_BODY = YES;
				CLANG_WARN_ENUM_CONVERSION = YES;
				CLANG_WARN_INFINITE_RECURSION = YES;
				CLANG_WARN_INT_CONVERSION = YES;
				CLANG_WARN_NON_LITERAL_NULL_CONVERSION = YES;
				CLANG_WARN_OBJC_IMPLICIT_RETAIN_SELF = YES;
				CLANG_WARN_OBJC_LITERAL_CONVERSION = YES;
				CLANG_WARN_OBJC_ROOT_CLASS = YES_ERROR;
				CLANG_WARN_QUOTED_INCLUDE_IN_FRAMEWORK_HEADER = YES;
				CLANG_WARN_RANGE_LOOP_ANALYSIS = YES;
				CLANG_WARN_STRICT_PROTOTYPES = YES;
				CLANG_WARN_SUSPICIOUS_MOVE = YES;
				CLANG_WARN_UNGUARDED_AVAILABILITY = YES_AGGRESSIVE;
				CLANG_WARN_UNREACHABLE_CODE = YES;
				CLANG_WARN__DUPLICATE_METHOD_MATCH = YES;
				COPY_PHASE_STRIP = NO;
				DEBUG_INFORMATION_FORMAT = dwarf;
				DEVELOPMENT_TEAM = Y333NVBXPT;
				ENABLE_STRICT_OBJC_MSGSEND = YES;
				ENABLE_TESTABILITY = YES;
				ENABLE_USER_SCRIPT_SANDBOXING = YES;
				GCC_C_LANGUAGE_STANDARD = gnu17;
				GCC_DYNAMIC_NO_PIC = NO;
				GCC_NO_COMMON_BLOCKS = YES;
				GCC_OPTIMIZATION_LEVEL = 0;
				GCC_PREPROCESSOR_DEFINITIONS = (
					"DEBUG=1",
					"$(inherited)",
				);
				GCC_WARN_64_TO_32_BIT_CONVERSION = YES;
				GCC_WARN_ABOUT_RETURN_TYPE = YES_ERROR;
				GCC_WARN_UNDECLARED_SELECTOR = YES;
				GCC_WARN_UNINITIALIZED_AUTOS = YES_AGGRESSIVE;
				GCC_WARN_UNUSED_FUNCTION = YES;
				GCC_WARN_UNUSED_VARIABLE = YES;
				IPHONEOS_DEPLOYMENT_TARGET = 18.4;
				LOCALIZATION_PREFERS_STRING_CATALOGS = YES;
				MTL_ENABLE_DEBUG_INFO = INCLUDE_SOURCE;
				MTL_FAST_MATH = YES;
				ONLY_ACTIVE_ARCH = YES;
				SDKROOT = iphoneos;
				SWIFT_ACTIVE_COMPILATION_CONDITIONS = "DEBUG $(inherited)";
				SWIFT_OPTIMIZATION_LEVEL = "-Onone";
			};
			name = Debug;
		};
		86115E162DAD08DF00FEAA17 /* Release */ = {
			isa = XCBuildConfiguration;
			buildSettings = {
				ALWAYS_SEARCH_USER_PATHS = NO;
				ASSETCATALOG_COMPILER_GENERATE_SWIFT_ASSET_SYMBOL_EXTENSIONS = YES;
				CLANG_ANALYZER_NONNULL = YES;
				CLANG_ANALYZER_NUMBER_OBJECT_CONVERSION = YES_AGGRESSIVE;
				CLANG_CXX_LANGUAGE_STANDARD = "gnu++20";
				CLANG_ENABLE_MODULES = YES;
				CLANG_ENABLE_OBJC_ARC = YES;
				CLANG_ENABLE_OBJC_WEAK = YES;
				CLANG_WARN_BLOCK_CAPTURE_AUTORELEASING = YES;
				CLANG_WARN_BOOL_CONVERSION = YES;
				CLANG_WARN_COMMA = YES;
				CLANG_WARN_CONSTANT_CONVERSION = YES;
				CLANG_WARN_DEPRECATED_OBJC_IMPLEMENTATIONS = YES;
				CLANG_WARN_DIRECT_OBJC_ISA_USAGE = YES_ERROR;
				CLANG_WARN_DOCUMENTATION_COMMENTS = YES;
				CLANG_WARN_EMPTY_BODY = YES;
				CLANG_WARN_ENUM_CONVERSION = YES;
				CLANG_WARN_INFINITE_RECURSION = YES;
				CLANG_WARN_INT_CONVERSION = YES;
				CLANG_WARN_NON_LITERAL_NULL_CONVERSION = YES;
				CLANG_WARN_OBJC_IMPLICIT_RETAIN_SELF = YES;
				CLANG_WARN_OBJC_LITERAL_CONVERSION = YES;
				CLANG_WARN_OBJC_ROOT_CLASS = YES_ERROR;
				CLANG_WARN_QUOTED_INCLUDE_IN_FRAMEWORK_HEADER = YES;
				CLANG_WARN_RANGE_LOOP_ANALYSIS = YES;
				CLANG_WARN_STRICT_PROTOTYPES = YES;
				CLANG_WARN_SUSPICIOUS_MOVE = YES;
				CLANG_WARN_UNGUARDED_AVAILABILITY = YES_AGGRESSIVE;
				CLANG_WARN_UNREACHABLE_CODE = YES;
				CLANG_WARN__DUPLICATE_METHOD_MATCH = YES;
				COPY_PHASE_STRIP = NO;
				DEBUG_INFORMATION_FORMAT = "dwarf-with-dsym";
				DEVELOPMENT_TEAM = Y333NVBXPT;
				ENABLE_NS_ASSERTIONS = NO;
				ENABLE_STRICT_OBJC_MSGSEND = YES;
				ENABLE_USER_SCRIPT_SANDBOXING = YES;
				GCC_C_LANGUAGE_STANDARD = gnu17;
				GCC_NO_COMMON_BLOCKS = YES;
				GCC_WARN_64_TO_32_BIT_CONVERSION = YES;
				GCC_WARN_ABOUT_RETURN_TYPE = YES_ERROR;
				GCC_WARN_UNDECLARED_SELECTOR = YES;
				GCC_WARN_UNINITIALIZED_AUTOS = YES_AGGRESSIVE;
				GCC_WARN_UNUSED_FUNCTION = YES;
				GCC_WARN_UNUSED_VARIABLE = YES;
				IPHONEOS_DEPLOYMENT_TARGET = 18.4;
				LOCALIZATION_PREFERS_STRING_CATALOGS = YES;
				MTL_ENABLE_DEBUG_INFO = NO;
				MTL_FAST_MATH = YES;
				SDKROOT = iphoneos;
				SWIFT_COMPILATION_MODE = wholemodule;
				VALIDATE_PRODUCT = YES;
			};
			name = Release;
		};
		86CD04EF2DB783CA00F19CF8 /* Debug */ = {
			isa = XCBuildConfiguration;
			buildSettings = {
				BUNDLE_LOADER = "$(TEST_HOST)";
				CODE_SIGN_STYLE = Automatic;
				CURRENT_PROJECT_VERSION = 1;
				DEVELOPMENT_TEAM = Y333NVBXPT;
				GENERATE_INFOPLIST_FILE = YES;
				MARKETING_VERSION = 1.0;
				PRODUCT_BUNDLE_IDENTIFIER = com.SeJunLee.LSJCurrencyCalculatorTests;
				PRODUCT_NAME = "$(TARGET_NAME)";
				SWIFT_EMIT_LOC_STRINGS = NO;
				SWIFT_VERSION = 5.0;
				TARGETED_DEVICE_FAMILY = "1,2";
				TEST_HOST = "$(BUILT_PRODUCTS_DIR)/LSJCurrencyCalculator.app/$(BUNDLE_EXECUTABLE_FOLDER_PATH)/LSJCurrencyCalculator";
			};
			name = Debug;
		};
		86CD04F02DB783CA00F19CF8 /* Release */ = {
			isa = XCBuildConfiguration;
			buildSettings = {
				BUNDLE_LOADER = "$(TEST_HOST)";
				CODE_SIGN_STYLE = Automatic;
				CURRENT_PROJECT_VERSION = 1;
				DEVELOPMENT_TEAM = Y333NVBXPT;
				GENERATE_INFOPLIST_FILE = YES;
				MARKETING_VERSION = 1.0;
				PRODUCT_BUNDLE_IDENTIFIER = com.SeJunLee.LSJCurrencyCalculatorTests;
				PRODUCT_NAME = "$(TARGET_NAME)";
				SWIFT_EMIT_LOC_STRINGS = NO;
				SWIFT_VERSION = 5.0;
				TARGETED_DEVICE_FAMILY = "1,2";
				TEST_HOST = "$(BUILT_PRODUCTS_DIR)/LSJCurrencyCalculator.app/$(BUNDLE_EXECUTABLE_FOLDER_PATH)/LSJCurrencyCalculator";
			};
			name = Release;
		};
/* End XCBuildConfiguration section */

/* Begin XCConfigurationList section */
		86115DFA2DAD08DE00FEAA17 /* Build configuration list for PBXProject "LSJCurrencyCalculator" */ = {
			isa = XCConfigurationList;
			buildConfigurations = (
				86115E152DAD08DF00FEAA17 /* Debug */,
				86115E162DAD08DF00FEAA17 /* Release */,
			);
			defaultConfigurationIsVisible = 0;
			defaultConfigurationName = Release;
		};
		86115E122DAD08DF00FEAA17 /* Build configuration list for PBXNativeTarget "LSJCurrencyCalculator" */ = {
			isa = XCConfigurationList;
			buildConfigurations = (
				86115E132DAD08DF00FEAA17 /* Debug */,
				86115E142DAD08DF00FEAA17 /* Release */,
			);
			defaultConfigurationIsVisible = 0;
			defaultConfigurationName = Release;
		};
		86CD04F12DB783CA00F19CF8 /* Build configuration list for PBXNativeTarget "LSJCurrencyCalculatorTests" */ = {
			isa = XCConfigurationList;
			buildConfigurations = (
				86CD04EF2DB783CA00F19CF8 /* Debug */,
				86CD04F02DB783CA00F19CF8 /* Release */,
			);
			defaultConfigurationIsVisible = 0;
			defaultConfigurationName = Release;
		};
/* End XCConfigurationList section */

/* Begin XCRemoteSwiftPackageReference section */
		86115E172DAD090B00FEAA17 /* XCRemoteSwiftPackageReference "SnapKit" */ = {
			isa = XCRemoteSwiftPackageReference;
			repositoryURL = "https://github.com/SnapKit/SnapKit.git";
			requirement = {
				kind = upToNextMajorVersion;
				minimumVersion = 5.7.1;
			};
		};
		86115E1A2DAD091300FEAA17 /* XCRemoteSwiftPackageReference "Then" */ = {
			isa = XCRemoteSwiftPackageReference;
			repositoryURL = "https://github.com/devxoul/Then.git";
			requirement = {
				kind = upToNextMajorVersion;
				minimumVersion = 3.0.0;
			};
		};
		86115E1D2DAD092300FEAA17 /* XCRemoteSwiftPackageReference "Alamofire" */ = {
			isa = XCRemoteSwiftPackageReference;
			repositoryURL = "https://github.com/Alamofire/Alamofire.git";
			requirement = {
				kind = upToNextMajorVersion;
				minimumVersion = 5.10.2;
			};
		};
/* End XCRemoteSwiftPackageReference section */

/* Begin XCSwiftPackageProductDependency section */
		86115E182DAD090B00FEAA17 /* SnapKit */ = {
			isa = XCSwiftPackageProductDependency;
			package = 86115E172DAD090B00FEAA17 /* XCRemoteSwiftPackageReference "SnapKit" */;
			productName = SnapKit;
		};
		86115E1B2DAD091300FEAA17 /* Then */ = {
			isa = XCSwiftPackageProductDependency;
			package = 86115E1A2DAD091300FEAA17 /* XCRemoteSwiftPackageReference "Then" */;
			productName = Then;
		};
		86115E1E2DAD092300FEAA17 /* Alamofire */ = {
			isa = XCSwiftPackageProductDependency;
			package = 86115E1D2DAD092300FEAA17 /* XCRemoteSwiftPackageReference "Alamofire" */;
			productName = Alamofire;
		};
/* End XCSwiftPackageProductDependency section */
	};
	rootObject = 86115DF72DAD08DE00FEAA17 /* Project object */;
}
